
Microsoft Visual Studio Solution File, Format Version 12.00
# Visual Studio Version 17
VisualStudioVersion = 17.4.33103.184
MinimumVisualStudioVersion = 10.0.40219.1
Project("{9A19103F-16F7-4668-BE54-9A1E7A4F7556}") = "Mihai_M_P1", "Mihai_M_P1.csproj", "{FA3EC0DF-D37C-4115-899A-3372174AC7A9}"
EndProject
Global
	GlobalSection(SolutionConfigurationPlatforms) = preSolution
		Debug|Any CPU = Debug|Any CPU
		Release|Any CPU = Release|Any CPU
	EndGlobalSection
	GlobalSection(ProjectConfigurationPlatforms) = postSolution
		{FA3EC0DF-D37C-4115-899A-3372174AC7A9}.Debug|Any CPU.ActiveCfg = Debug|Any CPU
		{FA3EC0DF-D37C-4115-899A-3372174AC7A9}.Debug|Any CPU.Build.0 = Debug|Any CPU
		{FA3EC0DF-D37C-4115-899A-3372174AC7A9}.Release|Any CPU.ActiveCfg = Release|Any CPU
		{FA3EC0DF-D37C-4115-899A-3372174AC7A9}.Release|Any CPU.Build.0 = Release|Any CPU
	EndGlobalSection
	GlobalSection(SolutionProperties) = preSolution
		HideSolutionNode = FALSE
	EndGlobalSection
	GlobalSection(ExtensibilityGlobals) = postSolution
		SolutionGuid = {553F5E97-BD14-46F3-ACDE-9ABF907FDF36}
	EndGlobalSection
EndGlobal
